
Microsoft Visual Studio Solution File, Format Version 12.00
# Visual Studio Version 17
VisualStudioVersion = 17.0.31903.59
MinimumVisualStudioVersion = 10.0.40219.1
Project("{2150E333-8FDC-42A3-9474-1A3956D46DE8}") = "src", "src", "{ECAA9E6A-25DA-4161-8D92-32CA64D72601}"
EndProject
Project("{9A19103F-16F7-4668-BE54-9A1E7A4F7556}") = "Colosoft.Notifications", "src\Colosoft.Notifications\Colosoft.Notifications.csproj", "{0DDAF392-11E7-4A8B-A99A-E3456128A98C}"
EndProject
Global
	GlobalSection(SolutionConfigurationPlatforms) = preSolution
		Debug|Any CPU = Debug|Any CPU
		Release|Any CPU = Release|Any CPU
	EndGlobalSection
	GlobalSection(ProjectConfigurationPlatforms) = postSolution
		{0DDAF392-11E7-4A8B-A99A-E3456128A98C}.Debug|Any CPU.ActiveCfg = Debug|Any CPU
		{0DDAF392-11E7-4A8B-A99A-E3456128A98C}.Debug|Any CPU.Build.0 = Debug|Any CPU
		{0DDAF392-11E7-4A8B-A99A-E3456128A98C}.Release|Any CPU.ActiveCfg = Release|Any CPU
		{0DDAF392-11E7-4A8B-A99A-E3456128A98C}.Release|Any CPU.Build.0 = Release|Any CPU
	EndGlobalSection
	GlobalSection(SolutionProperties) = preSolution
		HideSolutionNode = FALSE
	EndGlobalSection
	GlobalSection(NestedProjects) = preSolution
		{0DDAF392-11E7-4A8B-A99A-E3456128A98C} = {ECAA9E6A-25DA-4161-8D92-32CA64D72601}
	EndGlobalSection
EndGlobal
